
Microsoft Visual Studio Solution File, Format Version 12.00
# Visual Studio Version 16
VisualStudioVersion = 16.0.29102.190
MinimumVisualStudioVersion = 10.0.40219.1
Project("{FAE04EC0-301F-11D3-BF4B-00C04F79EFBC}") = "CMDB2", "CMDB2\CMDB2.csproj", "{15AED5DD-4859-461A-9CB6-4BD2A2EA6DBD}"
EndProject
Global
	GlobalSection(SolutionConfigurationPlatforms) = preSolution
		Debug|Any CPU = Debug|Any CPU
		Release|Any CPU = Release|Any CPU
	EndGlobalSection
	GlobalSection(ProjectConfigurationPlatforms) = postSolution
		{15AED5DD-4859-461A-9CB6-4BD2A2EA6DBD}.Debug|Any CPU.ActiveCfg = Debug|Any CPU
		{15AED5DD-4859-461A-9CB6-4BD2A2EA6DBD}.Debug|Any CPU.Build.0 = Debug|Any CPU
		{15AED5DD-4859-461A-9CB6-4BD2A2EA6DBD}.Release|Any CPU.ActiveCfg = Release|Any CPU
		{15AED5DD-4859-461A-9CB6-4BD2A2EA6DBD}.Release|Any CPU.Build.0 = Release|Any CPU
	EndGlobalSection
	GlobalSection(SolutionProperties) = preSolution
		HideSolutionNode = FALSE
	EndGlobalSection
	GlobalSection(ExtensibilityGlobals) = postSolution
		SolutionGuid = {33AB18BC-5562-413A-B43C-07F69D79901C}
	EndGlobalSection
EndGlobal
